
Microsoft Visual Studio Solution File, Format Version 11.00
# Visual Studio 2010
Project("{FAE04EC0-301F-11D3-BF4B-00C04F79EFBC}") = "C11 Ex05 AyaChiprut 021923107 AssafMiron 036722999", "C11 Ex05 AyaChiprut 021923107 AssafMiron 036722999\C11 Ex05 AyaChiprut 021923107 AssafMiron 036722999.csproj", "{41FB82B4-63A7-4193-BEDF-1BD8908F7F3B}"
EndProject
Global
	GlobalSection(SolutionConfigurationPlatforms) = preSolution
		Debug|x86 = Debug|x86
		Release|x86 = Release|x86
	EndGlobalSection
	GlobalSection(ProjectConfigurationPlatforms) = postSolution
		{41FB82B4-63A7-4193-BEDF-1BD8908F7F3B}.Debug|x86.ActiveCfg = Debug|x86
		{41FB82B4-63A7-4193-BEDF-1BD8908F7F3B}.Debug|x86.Build.0 = Debug|x86
		{41FB82B4-63A7-4193-BEDF-1BD8908F7F3B}.Release|x86.ActiveCfg = Release|x86
		{41FB82B4-63A7-4193-BEDF-1BD8908F7F3B}.Release|x86.Build.0 = Release|x86
	EndGlobalSection
	GlobalSection(SolutionProperties) = preSolution
		HideSolutionNode = FALSE
	EndGlobalSection
EndGlobal
